// !$*UTF8*$!
{
	archiveVersion = 1;
	classes = {
	};
	objectVersion = 46;
	objects = {

/* Begin PBXBuildFile section */
		A11C67731EE544CC00EB42C4 /* AppDelegate.swift in Sources */ = {isa = PBXBuildFile; fileRef = A11C67721EE544CC00EB42C4 /* AppDelegate.swift */; };
		A11C67751EE544CC00EB42C4 /* FirstViewController.swift in Sources */ = {isa = PBXBuildFile; fileRef = A11C67741EE544CC00EB42C4 /* FirstViewController.swift */; };
		A11C677A1EE544CC00EB42C4 /* Main.storyboard in Resources */ = {isa = PBXBuildFile; fileRef = A11C67781EE544CC00EB42C4 /* Main.storyboard */; };
		A11C677C1EE544CC00EB42C4 /* Assets.xcassets in Resources */ = {isa = PBXBuildFile; fileRef = A11C677B1EE544CC00EB42C4 /* Assets.xcassets */; };
		A11C677F1EE544CC00EB42C4 /* LaunchScreen.storyboard in Resources */ = {isa = PBXBuildFile; fileRef = A11C677D1EE544CC00EB42C4 /* LaunchScreen.storyboard */; };
		A11C67891EE5846E00EB42C4 /* AddActivityViewController.swift in Sources */ = {isa = PBXBuildFile; fileRef = A11C67881EE5846E00EB42C4 /* AddActivityViewController.swift */; };
		A11C678B1EE6C30400EB42C4 /* SettingsTableViewController.swift in Sources */ = {isa = PBXBuildFile; fileRef = A11C678A1EE6C30400EB42C4 /* SettingsTableViewController.swift */; };
		A11C678D1EE6D55A00EB42C4 /* ActivityLogTableViewController.swift in Sources */ = {isa = PBXBuildFile; fileRef = A11C678C1EE6D55A00EB42C4 /* ActivityLogTableViewController.swift */; };
		A11C67911EE6FEDB00EB42C4 /* ProfileViewController.swift in Sources */ = {isa = PBXBuildFile; fileRef = A11C67901EE6FEDB00EB42C4 /* ProfileViewController.swift */; };
		A11C67931EE7394900EB42C4 /* Activity.swift in Sources */ = {isa = PBXBuildFile; fileRef = A11C67921EE7394900EB42C4 /* Activity.swift */; };
		A11C67951EE7397D00EB42C4 /* AddActivityDelegate.swift in Sources */ = {isa = PBXBuildFile; fileRef = A11C67941EE7397D00EB42C4 /* AddActivityDelegate.swift */; };
		A11C67971EE739C200EB42C4 /* GeoPoint.swift in Sources */ = {isa = PBXBuildFile; fileRef = A11C67961EE739C200EB42C4 /* GeoPoint.swift */; };
		C7A53FEB1081CC073E61B0B0 /* Pods_iX_Location.framework in Frameworks */ = {isa = PBXBuildFile; fileRef = 4B604A9F23748949F2EA7E56 /* Pods_iX_Location.framework */; };
/* End PBXBuildFile section */

/* Begin PBXFileReference section */
		30499CCCD52804BE3307D262 /* Pods-iX_Location.release.xcconfig */ = {isa = PBXFileReference; includeInIndex = 1; lastKnownFileType = text.xcconfig; name = "Pods-iX_Location.release.xcconfig"; path = "Pods/Target Support Files/Pods-iX_Location/Pods-iX_Location.release.xcconfig"; sourceTree = "<group>"; };
		4B604A9F23748949F2EA7E56 /* Pods_iX_Location.framework */ = {isa = PBXFileReference; explicitFileType = wrapper.framework; includeInIndex = 0; path = Pods_iX_Location.framework; sourceTree = BUILT_PRODUCTS_DIR; };
		A11C676F1EE544CC00EB42C4 /* iX_Location.app */ = {isa = PBXFileReference; explicitFileType = wrapper.application; includeInIndex = 0; path = iX_Location.app; sourceTree = BUILT_PRODUCTS_DIR; };
		A11C67721EE544CC00EB42C4 /* AppDelegate.swift */ = {isa = PBXFileReference; lastKnownFileType = sourcecode.swift; path = AppDelegate.swift; sourceTree = "<group>"; };
		A11C67741EE544CC00EB42C4 /* FirstViewController.swift */ = {isa = PBXFileReference; lastKnownFileType = sourcecode.swift; path = FirstViewController.swift; sourceTree = "<group>"; };
		A11C67791EE544CC00EB42C4 /* Base */ = {isa = PBXFileReference; lastKnownFileType = file.storyboard; name = Base; path = Base.lproj/Main.storyboard; sourceTree = "<group>"; };
		A11C677B1EE544CC00EB42C4 /* Assets.xcassets */ = {isa = PBXFileReference; lastKnownFileType = folder.assetcatalog; path = Assets.xcassets; sourceTree = "<group>"; };
		A11C677E1EE544CC00EB42C4 /* Base */ = {isa = PBXFileReference; lastKnownFileType = file.storyboard; name = Base; path = Base.lproj/LaunchScreen.storyboard; sourceTree = "<group>"; };
		A11C67801EE544CC00EB42C4 /* Info.plist */ = {isa = PBXFileReference; lastKnownFileType = text.plist.xml; path = Info.plist; sourceTree = "<group>"; };
		A11C67881EE5846E00EB42C4 /* AddActivityViewController.swift */ = {isa = PBXFileReference; fileEncoding = 4; lastKnownFileType = sourcecode.swift; path = AddActivityViewController.swift; sourceTree = "<group>"; };
		A11C678A1EE6C30400EB42C4 /* SettingsTableViewController.swift */ = {isa = PBXFileReference; fileEncoding = 4; lastKnownFileType = sourcecode.swift; path = SettingsTableViewController.swift; sourceTree = "<group>"; };
		A11C678C1EE6D55A00EB42C4 /* ActivityLogTableViewController.swift */ = {isa = PBXFileReference; fileEncoding = 4; lastKnownFileType = sourcecode.swift; path = ActivityLogTableViewController.swift; sourceTree = "<group>"; };
		A11C67901EE6FEDB00EB42C4 /* ProfileViewController.swift */ = {isa = PBXFileReference; fileEncoding = 4; lastKnownFileType = sourcecode.swift; path = ProfileViewController.swift; sourceTree = "<group>"; };
		A11C67921EE7394900EB42C4 /* Activity.swift */ = {isa = PBXFileReference; fileEncoding = 4; lastKnownFileType = sourcecode.swift; path = Activity.swift; sourceTree = "<group>"; };
		A11C67941EE7397D00EB42C4 /* AddActivityDelegate.swift */ = {isa = PBXFileReference; fileEncoding = 4; lastKnownFileType = sourcecode.swift; path = AddActivityDelegate.swift; sourceTree = "<group>"; };
		A11C67961EE739C200EB42C4 /* GeoPoint.swift */ = {isa = PBXFileReference; fileEncoding = 4; lastKnownFileType = sourcecode.swift; path = GeoPoint.swift; sourceTree = "<group>"; };
		AD57810F865DBE6CA3A78152 /* Pods-iX_Location.debug.xcconfig */ = {isa = PBXFileReference; includeInIndex = 1; lastKnownFileType = text.xcconfig; name = "Pods-iX_Location.debug.xcconfig"; path = "Pods/Target Support Files/Pods-iX_Location/Pods-iX_Location.debug.xcconfig"; sourceTree = "<group>"; };
/* End PBXFileReference section */

/* Begin PBXFrameworksBuildPhase section */
		A11C676C1EE544CC00EB42C4 /* Frameworks */ = {
			isa = PBXFrameworksBuildPhase;
			buildActionMask = 2147483647;
			files = (
				C7A53FEB1081CC073E61B0B0 /* Pods_iX_Location.framework in Frameworks */,
			);
			runOnlyForDeploymentPostprocessing = 0;
		};
/* End PBXFrameworksBuildPhase section */

/* Begin PBXGroup section */
		7AF2CB7196FD9D7FA73E8036 /* Pods */ = {
			isa = PBXGroup;
			children = (
				AD57810F865DBE6CA3A78152 /* Pods-iX_Location.debug.xcconfig */,
				30499CCCD52804BE3307D262 /* Pods-iX_Location.release.xcconfig */,
			);
			name = Pods;
			sourceTree = "<group>";
		};
		A11C67661EE544CC00EB42C4 = {
			isa = PBXGroup;
			children = (
				A11C67711EE544CC00EB42C4 /* iX_Location */,
				A11C67701EE544CC00EB42C4 /* Products */,
				7AF2CB7196FD9D7FA73E8036 /* Pods */,
				AFE309145A20F8611D44A13A /* Frameworks */,
			);
			sourceTree = "<group>";
		};
		A11C67701EE544CC00EB42C4 /* Products */ = {
			isa = PBXGroup;
			children = (
				A11C676F1EE544CC00EB42C4 /* iX_Location.app */,
			);
			name = Products;
			sourceTree = "<group>";
		};
		A11C67711EE544CC00EB42C4 /* iX_Location */ = {
			isa = PBXGroup;
			children = (
				A11C67721EE544CC00EB42C4 /* AppDelegate.swift */,
				A11C67741EE544CC00EB42C4 /* FirstViewController.swift */,
				A11C67881EE5846E00EB42C4 /* AddActivityViewController.swift */,
				A11C678A1EE6C30400EB42C4 /* SettingsTableViewController.swift */,
				A11C678C1EE6D55A00EB42C4 /* ActivityLogTableViewController.swift */,
				A11C67901EE6FEDB00EB42C4 /* ProfileViewController.swift */,
				A11C67921EE7394900EB42C4 /* Activity.swift */,
				A11C67941EE7397D00EB42C4 /* AddActivityDelegate.swift */,
				A11C67961EE739C200EB42C4 /* GeoPoint.swift */,
				A11C67781EE544CC00EB42C4 /* Main.storyboard */,
				A11C677B1EE544CC00EB42C4 /* Assets.xcassets */,
				A11C677D1EE544CC00EB42C4 /* LaunchScreen.storyboard */,
				A11C67801EE544CC00EB42C4 /* Info.plist */,
			);
			path = iX_Location;
			sourceTree = "<group>";
		};
		AFE309145A20F8611D44A13A /* Frameworks */ = {
			isa = PBXGroup;
			children = (
				4B604A9F23748949F2EA7E56 /* Pods_iX_Location.framework */,
			);
			name = Frameworks;
			sourceTree = "<group>";
		};
/* End PBXGroup section */

/* Begin PBXNativeTarget section */
		A11C676E1EE544CC00EB42C4 /* iX_Location */ = {
			isa = PBXNativeTarget;
			buildConfigurationList = A11C67831EE544CC00EB42C4 /* Build configuration list for PBXNativeTarget "iX_Location" */;
			buildPhases = (
				93122499966C0D2C8C4ED442 /* [CP] Check Pods Manifest.lock */,
				A11C676B1EE544CC00EB42C4 /* Sources */,
				A11C676C1EE544CC00EB42C4 /* Frameworks */,
				A11C676D1EE544CC00EB42C4 /* Resources */,
				0DF9045286CC20608E6DDEEB /* [CP] Embed Pods Frameworks */,
				4FEECF38D38C0A62F683CDFC /* [CP] Copy Pods Resources */,
			);
			buildRules = (
			);
			dependencies = (
			);
			name = iX_Location;
			productName = iX_Location;
			productReference = A11C676F1EE544CC00EB42C4 /* iX_Location.app */;
			productType = "com.apple.product-type.application";
		};
/* End PBXNativeTarget section */

/* Begin PBXProject section */
		A11C67671EE544CC00EB42C4 /* Project object */ = {
			isa = PBXProject;
			attributes = {
				LastSwiftUpdateCheck = 0830;
				LastUpgradeCheck = 0830;
				ORGANIZATIONNAME = "Emily Koagedal";
				TargetAttributes = {
					A11C676E1EE544CC00EB42C4 = {
						CreatedOnToolsVersion = 8.3.2;
						DevelopmentTeam = UCW2RBA58C;
						ProvisioningStyle = Automatic;
					};
				};
			};
			buildConfigurationList = A11C676A1EE544CC00EB42C4 /* Build configuration list for PBXProject "iX_Location" */;
			compatibilityVersion = "Xcode 3.2";
			developmentRegion = English;
			hasScannedForEncodings = 0;
			knownRegions = (
				en,
				Base,
			);
			mainGroup = A11C67661EE544CC00EB42C4;
			productRefGroup = A11C67701EE544CC00EB42C4 /* Products */;
			projectDirPath = "";
			projectRoot = "";
			targets = (
				A11C676E1EE544CC00EB42C4 /* iX_Location */,
			);
		};
/* End PBXProject section */

/* Begin PBXResourcesBuildPhase section */
		A11C676D1EE544CC00EB42C4 /* Resources */ = {
			isa = PBXResourcesBuildPhase;
			buildActionMask = 2147483647;
			files = (
				A11C677F1EE544CC00EB42C4 /* LaunchScreen.storyboard in Resources */,
				A11C677C1EE544CC00EB42C4 /* Assets.xcassets in Resources */,
				A11C677A1EE544CC00EB42C4 /* Main.storyboard in Resources */,
			);
			runOnlyForDeploymentPostprocessing = 0;
		};
/* End PBXResourcesBuildPhase section */

/* Begin PBXShellScriptBuildPhase section */
		0DF9045286CC20608E6DDEEB /* [CP] Embed Pods Frameworks */ = {
			isa = PBXShellScriptBuildPhase;
			buildActionMask = 2147483647;
			files = (
			);
			inputPaths = (
			);
			name = "[CP] Embed Pods Frameworks";
			outputPaths = (
			);
			runOnlyForDeploymentPostprocessing = 0;
			shellPath = /bin/sh;
			shellScript = "\"${SRCROOT}/Pods/Target Support Files/Pods-iX_Location/Pods-iX_Location-frameworks.sh\"\n";
			showEnvVarsInLog = 0;
		};
		4FEECF38D38C0A62F683CDFC /* [CP] Copy Pods Resources */ = {
			isa = PBXShellScriptBuildPhase;
			buildActionMask = 2147483647;
			files = (
			);
			inputPaths = (
			);
			name = "[CP] Copy Pods Resources";
			outputPaths = (
			);
			runOnlyForDeploymentPostprocessing = 0;
			shellPath = /bin/sh;
			shellScript = "\"${SRCROOT}/Pods/Target Support Files/Pods-iX_Location/Pods-iX_Location-resources.sh\"\n";
			showEnvVarsInLog = 0;
		};
		93122499966C0D2C8C4ED442 /* [CP] Check Pods Manifest.lock */ = {
			isa = PBXShellScriptBuildPhase;
			buildActionMask = 2147483647;
			files = (
			);
			inputPaths = (
			);
			name = "[CP] Check Pods Manifest.lock";
			outputPaths = (
			);
			runOnlyForDeploymentPostprocessing = 0;
			shellPath = /bin/sh;
			shellScript = "diff \"${PODS_PODFILE_DIR_PATH}/Podfile.lock\" \"${PODS_ROOT}/Manifest.lock\" > /dev/null\nif [ $? != 0 ] ; then\n    # print error to STDERR\n    echo \"error: The sandbox is not in sync with the Podfile.lock. Run 'pod install' or update your CocoaPods installation.\" >&2\n    exit 1\nfi\n";
			showEnvVarsInLog = 0;
		};
/* End PBXShellScriptBuildPhase section */

/* Begin PBXSourcesBuildPhase section */
		A11C676B1EE544CC00EB42C4 /* Sources */ = {
			isa = PBXSourcesBuildPhase;
			buildActionMask = 2147483647;
			files = (
				A11C67911EE6FEDB00EB42C4 /* ProfileViewController.swift in Sources */,
				A11C678B1EE6C30400EB42C4 /* SettingsTableViewController.swift in Sources */,
				A11C67931EE7394900EB42C4 /* Activity.swift in Sources */,
				A11C67731EE544CC00EB42C4 /* AppDelegate.swift in Sources */,
				A11C67891EE5846E00EB42C4 /* AddActivityViewController.swift in Sources */,
				A11C67951EE7397D00EB42C4 /* AddActivityDelegate.swift in Sources */,
				A11C67971EE739C200EB42C4 /* GeoPoint.swift in Sources */,
				A11C67751EE544CC00EB42C4 /* FirstViewController.swift in Sources */,
				A11C678D1EE6D55A00EB42C4 /* ActivityLogTableViewController.swift in Sources */,
			);
			runOnlyForDeploymentPostprocessing = 0;
		};
/* End PBXSourcesBuildPhase section */

/* Begin PBXVariantGroup section */
		A11C67781EE544CC00EB42C4 /* Main.storyboard */ = {
			isa = PBXVariantGroup;
			children = (
				A11C67791EE544CC00EB42C4 /* Base */,
			);
			name = Main.storyboard;
			sourceTree = "<group>";
		};
		A11C677D1EE544CC00EB42C4 /* LaunchScreen.storyboard */ = {
			isa = PBXVariantGroup;
			children = (
				A11C677E1EE544CC00EB42C4 /* Base */,
			);
			name = LaunchScreen.storyboard;
			sourceTree = "<group>";
		};
/* End PBXVariantGroup section */

/* Begin XCBuildConfiguration section */
		A11C67811EE544CC00EB42C4 /* Debug */ = {
			isa = XCBuildConfiguration;
			buildSettings = {
				ALWAYS_SEARCH_USER_PATHS = NO;
				CLANG_ANALYZER_NONNULL = YES;
				CLANG_ANALYZER_NUMBER_OBJECT_CONVERSION = YES_AGGRESSIVE;
				CLANG_CXX_LANGUAGE_STANDARD = "gnu++0x";
				CLANG_CXX_LIBRARY = "libc++";
				CLANG_ENABLE_MODULES = YES;
				CLANG_ENABLE_OBJC_ARC = YES;
				CLANG_WARN_BOOL_CONVERSION = YES;
				CLANG_WARN_CONSTANT_CONVERSION = YES;
				CLANG_WARN_DIRECT_OBJC_ISA_USAGE = YES_ERROR;
				CLANG_WARN_DOCUMENTATION_COMMENTS = YES;
				CLANG_WARN_EMPTY_BODY = YES;
				CLANG_WARN_ENUM_CONVERSION = YES;
				CLANG_WARN_INFINITE_RECURSION = YES;
				CLANG_WARN_INT_CONVERSION = YES;
				CLANG_WARN_OBJC_ROOT_CLASS = YES_ERROR;
				CLANG_WARN_SUSPICIOUS_MOVE = YES;
				CLANG_WARN_UNREACHABLE_CODE = YES;
				CLANG_WARN__DUPLICATE_METHOD_MATCH = YES;
				"CODE_SIGN_IDENTITY[sdk=iphoneos*]" = "iPhone Developer";
				COPY_PHASE_STRIP = NO;
				DEBUG_INFORMATION_FORMAT = dwarf;
				ENABLE_STRICT_OBJC_MSGSEND = YES;
				ENABLE_TESTABILITY = YES;
				GCC_C_LANGUAGE_STANDARD = gnu99;
				GCC_DYNAMIC_NO_PIC = NO;
				GCC_NO_COMMON_BLOCKS = YES;
				GCC_OPTIMIZATION_LEVEL = 0;
				GCC_PREPROCESSOR_DEFINITIONS = (
					"DEBUG=1",
					"$(inherited)",
				);
				GCC_WARN_64_TO_32_BIT_CONVERSION = YES;
				GCC_WARN_ABOUT_RETURN_TYPE = YES_ERROR;
				GCC_WARN_UNDECLARED_SELECTOR = YES;
				GCC_WARN_UNINITIALIZED_AUTOS = YES_AGGRESSIVE;
				GCC_WARN_UNUSED_FUNCTION = YES;
				GCC_WARN_UNUSED_VARIABLE = YES;
				IPHONEOS_DEPLOYMENT_TARGET = 10.3;
				MTL_ENABLE_DEBUG_INFO = YES;
				ONLY_ACTIVE_ARCH = YES;
				SDKROOT = iphoneos;
				SWIFT_ACTIVE_COMPILATION_CONDITIONS = DEBUG;
				SWIFT_OPTIMIZATION_LEVEL = "-Onone";
				TARGETED_DEVICE_FAMILY = "1,2";
			};
			name = Debug;
		};
		A11C67821EE544CC00EB42C4 /* Release */ = {
			isa = XCBuildConfiguration;
			buildSettings = {
				ALWAYS_SEARCH_USER_PATHS = NO;
				CLANG_ANALYZER_NONNULL = YES;
				CLANG_ANALYZER_NUMBER_OBJECT_CONVERSION = YES_AGGRESSIVE;
				CLANG_CXX_LANGUAGE_STANDARD = "gnu++0x";
				CLANG_CXX_LIBRARY = "libc++";
				CLANG_ENABLE_MODULES = YES;
				CLANG_ENABLE_OBJC_ARC = YES;
				CLANG_WARN_BOOL_CONVERSION = YES;
				CLANG_WARN_CONSTANT_CONVERSION = YES;
				CLANG_WARN_DIRECT_OBJC_ISA_USAGE = YES_ERROR;
				CLANG_WARN_DOCUMENTATION_COMMENTS = YES;
				CLANG_WARN_EMPTY_BODY = YES;
				CLANG_WARN_ENUM_CONVERSION = YES;
				CLANG_WARN_INFINITE_RECURSION = YES;
				CLANG_WARN_INT_CONVERSION = YES;
				CLANG_WARN_OBJC_ROOT_CLASS = YES_ERROR;
				CLANG_WARN_SUSPICIOUS_MOVE = YES;
				CLANG_WARN_UNREACHABLE_CODE = YES;
				CLANG_WARN__DUPLICATE_METHOD_MATCH = YES;
				"CODE_SIGN_IDENTITY[sdk=iphoneos*]" = "iPhone Developer";
				COPY_PHASE_STRIP = NO;
				DEBUG_INFORMATION_FORMAT = "dwarf-with-dsym";
				ENABLE_NS_ASSERTIONS = NO;
				ENABLE_STRICT_OBJC_MSGSEND = YES;
				GCC_C_LANGUAGE_STANDARD = gnu99;
				GCC_NO_COMMON_BLOCKS = YES;
				GCC_WARN_64_TO_32_BIT_CONVERSION = YES;
				GCC_WARN_ABOUT_RETURN_TYPE = YES_ERROR;
				GCC_WARN_UNDECLARED_SELECTOR = YES;
				GCC_WARN_UNINITIALIZED_AUTOS = YES_AGGRESSIVE;
				GCC_WARN_UNUSED_FUNCTION = YES;
				GCC_WARN_UNUSED_VARIABLE = YES;
				IPHONEOS_DEPLOYMENT_TARGET = 10.3;
				MTL_ENABLE_DEBUG_INFO = NO;
				SDKROOT = iphoneos;
				SWIFT_OPTIMIZATION_LEVEL = "-Owholemodule";
				TARGETED_DEVICE_FAMILY = "1,2";
				VALIDATE_PRODUCT = YES;
			};
			name = Release;
		};
		A11C67841EE544CC00EB42C4 /* Debug */ = {
			isa = XCBuildConfiguration;
			baseConfigurationReference = AD57810F865DBE6CA3A78152 /* Pods-iX_Location.debug.xcconfig */;
			buildSettings = {
				ASSETCATALOG_COMPILER_APPICON_NAME = AppIcon;
				DEVELOPMENT_TEAM = UCW2RBA58C;
				INFOPLIST_FILE = iX_Location/Info.plist;
				LD_RUNPATH_SEARCH_PATHS = "$(inherited) @executable_path/Frameworks";
				PRODUCT_BUNDLE_IDENTIFIER = "Emily-Koagedal.iX-Location";
				PRODUCT_NAME = "$(TARGET_NAME)";
				SWIFT_VERSION = 3.0;
			};
			name = Debug;
		};
		A11C67851EE544CC00EB42C4 /* Release */ = {
			isa = XCBuildConfiguration;
			baseConfigurationReference = 30499CCCD52804BE3307D262 /* Pods-iX_Location.release.xcconfig */;
			buildSettings = {
				ASSETCATALOG_COMPILER_APPICON_NAME = AppIcon;
				DEVELOPMENT_TEAM = UCW2RBA58C;
				INFOPLIST_FILE = iX_Location/Info.plist;
				LD_RUNPATH_SEARCH_PATHS = "$(inherited) @executable_path/Frameworks";
				PRODUCT_BUNDLE_IDENTIFIER = "Emily-Koagedal.iX-Location";
				PRODUCT_NAME = "$(TARGET_NAME)";
				SWIFT_VERSION = 3.0;
			};
			name = Release;
		};
/* End XCBuildConfiguration section */

/* Begin XCConfigurationList section */
		A11C676A1EE544CC00EB42C4 /* Build configuration list for PBXProject "iX_Location" */ = {
			isa = XCConfigurationList;
			buildConfigurations = (
				A11C67811EE544CC00EB42C4 /* Debug */,
				A11C67821EE544CC00EB42C4 /* Release */,
			);
			defaultConfigurationIsVisible = 0;
			defaultConfigurationName = Release;
		};
		A11C67831EE544CC00EB42C4 /* Build configuration list for PBXNativeTarget "iX_Location" */ = {
			isa = XCConfigurationList;
			buildConfigurations = (
				A11C67841EE544CC00EB42C4 /* Debug */,
				A11C67851EE544CC00EB42C4 /* Release */,
			);
			defaultConfigurationIsVisible = 0;
			defaultConfigurationName = Release;
		};
/* End XCConfigurationList section */
	};
	rootObject = A11C67671EE544CC00EB42C4 /* Project object */;
}
